
Microsoft Visual Studio Solution File, Format Version 12.00
# Visual Studio 14
VisualStudioVersion = 14.0.25420.1
MinimumVisualStudioVersion = 10.0.40219.1
Project("{FAE04EC0-301F-11D3-BF4B-00C04F79EFBC}") = "Foosball9000App.Droid", "Foosball9000App\Foosball9000App.Droid\Foosball9000App.Droid.csproj", "{0FC6734C-D857-4128-8884-AB8E0E6B7BA8}"
EndProject
Project("{FAE04EC0-301F-11D3-BF4B-00C04F79EFBC}") = "Foosball9000App.iOS", "Foosball9000App\Foosball9000App.iOS\Foosball9000App.iOS.csproj", "{A1C07C4F-B71A-48EC-B472-ED3167714F4F}"
EndProject
Project("{FAE04EC0-301F-11D3-BF4B-00C04F79EFBC}") = "Foosball9000App.WinPhone", "Foosball9000App\Foosball9000App.WinPhone\Foosball9000App.WinPhone.csproj", "{4C050D25-9384-421D-9A7E-C5195E2B98DA}"
EndProject
Project("{FAE04EC0-301F-11D3-BF4B-00C04F79EFBC}") = "Foosball9000App.UWP", "Foosball9000App\Foosball9000App.UWP\Foosball9000App.UWP.csproj", "{A30E5588-BD45-4989-B635-9F4EEBCA42B5}"
EndProject
Project("{FAE04EC0-301F-11D3-BF4B-00C04F79EFBC}") = "Foosball9000App.Windows", "Foosball9000App\Foosball9000App.Windows\Foosball9000App.Windows.csproj", "{1965448C-AC0E-4684-A342-24A64BC78403}"
EndProject
Project("{FAE04EC0-301F-11D3-BF4B-00C04F79EFBC}") = "Foosball9000App", "Foosball9000App\Foosball9000App\Foosball9000App.csproj", "{C870B66C-0564-4B74-84FC-8BCBE25E496F}"
EndProject
Project("{FAE04EC0-301F-11D3-BF4B-00C04F79EFBC}") = "FoosballAppServices", "FoosballAppServices\FoosballAppServices.csproj", "{D40B633D-4C5F-4692-BD2D-0192E3CBA4CD}"
EndProject
Global
	GlobalSection(SolutionConfigurationPlatforms) = preSolution
		Ad-Hoc|Any CPU = Ad-Hoc|Any CPU
		Ad-Hoc|ARM = Ad-Hoc|ARM
		Ad-Hoc|iPhone = Ad-Hoc|iPhone
		Ad-Hoc|iPhoneSimulator = Ad-Hoc|iPhoneSimulator
		Ad-Hoc|x64 = Ad-Hoc|x64
		Ad-Hoc|x86 = Ad-Hoc|x86
		AppStore|Any CPU = AppStore|Any CPU
		AppStore|ARM = AppStore|ARM
		AppStore|iPhone = AppStore|iPhone
		AppStore|iPhoneSimulator = AppStore|iPhoneSimulator
		AppStore|x64 = AppStore|x64
		AppStore|x86 = AppStore|x86
		Debug|Any CPU = Debug|Any CPU
		Debug|ARM = Debug|ARM
		Debug|iPhone = Debug|iPhone
		Debug|iPhoneSimulator = Debug|iPhoneSimulator
		Debug|x64 = Debug|x64
		Debug|x86 = Debug|x86
		Release|Any CPU = Release|Any CPU
		Release|ARM = Release|ARM
		Release|iPhone = Release|iPhone
		Release|iPhoneSimulator = Release|iPhoneSimulator
		Release|x64 = Release|x64
		Release|x86 = Release|x86
	EndGlobalSection
	GlobalSection(ProjectConfigurationPlatforms) = postSolution
		{0FC6734C-D857-4128-8884-AB8E0E6B7BA8}.Ad-Hoc|Any CPU.ActiveCfg = Release|Any CPU
		{0FC6734C-D857-4128-8884-AB8E0E6B7BA8}.Ad-Hoc|Any CPU.Build.0 = Release|Any CPU
		{0FC6734C-D857-4128-8884-AB8E0E6B7BA8}.Ad-Hoc|Any CPU.Deploy.0 = Release|Any CPU
		{0FC6734C-D857-4128-8884-AB8E0E6B7BA8}.Ad-Hoc|ARM.ActiveCfg = Release|Any CPU
		{0FC6734C-D857-4128-8884-AB8E0E6B7BA8}.Ad-Hoc|ARM.Build.0 = Release|Any CPU
		{0FC6734C-D857-4128-8884-AB8E0E6B7BA8}.Ad-Hoc|ARM.Deploy.0 = Release|Any CPU
		{0FC6734C-D857-4128-8884-AB8E0E6B7BA8}.Ad-Hoc|iPhone.ActiveCfg = Release|Any CPU
		{0FC6734C-D857-4128-8884-AB8E0E6B7BA8}.Ad-Hoc|iPhone.Build.0 = Release|Any CPU
		{0FC6734C-D857-4128-8884-AB8E0E6B7BA8}.Ad-Hoc|iPhone.Deploy.0 = Release|Any CPU
		{0FC6734C-D857-4128-8884-AB8E0E6B7BA8}.Ad-Hoc|iPhoneSimulator.ActiveCfg = Release|Any CPU
		{0FC6734C-D857-4128-8884-AB8E0E6B7BA8}.Ad-Hoc|iPhoneSimulator.Build.0 = Release|Any CPU
		{0FC6734C-D857-4128-8884-AB8E0E6B7BA8}.Ad-Hoc|iPhoneSimulator.Deploy.0 = Release|Any CPU
		{0FC6734C-D857-4128-8884-AB8E0E6B7BA8}.Ad-Hoc|x64.ActiveCfg = Release|Any CPU
		{0FC6734C-D857-4128-8884-AB8E0E6B7BA8}.Ad-Hoc|x64.Build.0 = Release|Any CPU
		{0FC6734C-D857-4128-8884-AB8E0E6B7BA8}.Ad-Hoc|x64.Deploy.0 = Release|Any CPU
		{0FC6734C-D857-4128-8884-AB8E0E6B7BA8}.Ad-Hoc|x86.ActiveCfg = Release|Any CPU
		{0FC6734C-D857-4128-8884-AB8E0E6B7BA8}.Ad-Hoc|x86.Build.0 = Release|Any CPU
		{0FC6734C-D857-4128-8884-AB8E0E6B7BA8}.Ad-Hoc|x86.Deploy.0 = Release|Any CPU
		{0FC6734C-D857-4128-8884-AB8E0E6B7BA8}.AppStore|Any CPU.ActiveCfg = Release|Any CPU
		{0FC6734C-D857-4128-8884-AB8E0E6B7BA8}.AppStore|Any CPU.Build.0 = Release|Any CPU
		{0FC6734C-D857-4128-8884-AB8E0E6B7BA8}.AppStore|Any CPU.Deploy.0 = Release|Any CPU
		{0FC6734C-D857-4128-8884-AB8E0E6B7BA8}.AppStore|ARM.ActiveCfg = Release|Any CPU
		{0FC6734C-D857-4128-8884-AB8E0E6B7BA8}.AppStore|ARM.Build.0 = Release|Any CPU
		{0FC6734C-D857-4128-8884-AB8E0E6B7BA8}.AppStore|ARM.Deploy.0 = Release|Any CPU
		{0FC6734C-D857-4128-8884-AB8E0E6B7BA8}.AppStore|iPhone.ActiveCfg = Release|Any CPU
		{0FC6734C-D857-4128-8884-AB8E0E6B7BA8}.AppStore|iPhone.Build.0 = Release|Any CPU
		{0FC6734C-D857-4128-8884-AB8E0E6B7BA8}.AppStore|iPhone.Deploy.0 = Release|Any CPU
		{0FC6734C-D857-4128-8884-AB8E0E6B7BA8}.AppStore|iPhoneSimulator.ActiveCfg = Release|Any CPU
		{0FC6734C-D857-4128-8884-AB8E0E6B7BA8}.AppStore|iPhoneSimulator.Build.0 = Release|Any CPU
		{0FC6734C-D857-4128-8884-AB8E0E6B7BA8}.AppStore|iPhoneSimulator.Deploy.0 = Release|Any CPU
		{0FC6734C-D857-4128-8884-AB8E0E6B7BA8}.AppStore|x64.ActiveCfg = Release|Any CPU
		{0FC6734C-D857-4128-8884-AB8E0E6B7BA8}.AppStore|x64.Build.0 = Release|Any CPU
		{0FC6734C-D857-4128-8884-AB8E0E6B7BA8}.AppStore|x64.Deploy.0 = Release|Any CPU
		{0FC6734C-D857-4128-8884-AB8E0E6B7BA8}.AppStore|x86.ActiveCfg = Release|Any CPU
		{0FC6734C-D857-4128-8884-AB8E0E6B7BA8}.AppStore|x86.Build.0 = Release|Any CPU
		{0FC6734C-D857-4128-8884-AB8E0E6B7BA8}.AppStore|x86.Deploy.0 = Release|Any CPU
		{0FC6734C-D857-4128-8884-AB8E0E6B7BA8}.Debug|Any CPU.ActiveCfg = Debug|Any CPU
		{0FC6734C-D857-4128-8884-AB8E0E6B7BA8}.Debug|Any CPU.Build.0 = Debug|Any CPU
		{0FC6734C-D857-4128-8884-AB8E0E6B7BA8}.Debug|Any CPU.Deploy.0 = Debug|Any CPU
		{0FC6734C-D857-4128-8884-AB8E0E6B7BA8}.Debug|ARM.ActiveCfg = Debug|Any CPU
		{0FC6734C-D857-4128-8884-AB8E0E6B7BA8}.Debug|ARM.Build.0 = Debug|Any CPU
		{0FC6734C-D857-4128-8884-AB8E0E6B7BA8}.Debug|ARM.Deploy.0 = Debug|Any CPU
		{0FC6734C-D857-4128-8884-AB8E0E6B7BA8}.Debug|iPhone.ActiveCfg = Debug|Any CPU
		{0FC6734C-D857-4128-8884-AB8E0E6B7BA8}.Debug|iPhone.Build.0 = Debug|Any CPU
		{0FC6734C-D857-4128-8884-AB8E0E6B7BA8}.Debug|iPhone.Deploy.0 = Debug|Any CPU
		{0FC6734C-D857-4128-8884-AB8E0E6B7BA8}.Debug|iPhoneSimulator.ActiveCfg = Debug|Any CPU
		{0FC6734C-D857-4128-8884-AB8E0E6B7BA8}.Debug|iPhoneSimulator.Build.0 = Debug|Any CPU
		{0FC6734C-D857-4128-8884-AB8E0E6B7BA8}.Debug|iPhoneSimulator.Deploy.0 = Debug|Any CPU
		{0FC6734C-D857-4128-8884-AB8E0E6B7BA8}.Debug|x64.ActiveCfg = Debug|Any CPU
		{0FC6734C-D857-4128-8884-AB8E0E6B7BA8}.Debug|x64.Build.0 = Debug|Any CPU
		{0FC6734C-D857-4128-8884-AB8E0E6B7BA8}.Debug|x64.Deploy.0 = Debug|Any CPU
		{0FC6734C-D857-4128-8884-AB8E0E6B7BA8}.Debug|x86.ActiveCfg = Debug|Any CPU
		{0FC6734C-D857-4128-8884-AB8E0E6B7BA8}.Debug|x86.Build.0 = Debug|Any CPU
		{0FC6734C-D857-4128-8884-AB8E0E6B7BA8}.Debug|x86.Deploy.0 = Debug|Any CPU
		{0FC6734C-D857-4128-8884-AB8E0E6B7BA8}.Release|Any CPU.ActiveCfg = Release|Any CPU
		{0FC6734C-D857-4128-8884-AB8E0E6B7BA8}.Release|Any CPU.Build.0 = Release|Any CPU
		{0FC6734C-D857-4128-8884-AB8E0E6B7BA8}.Release|Any CPU.Deploy.0 = Release|Any CPU
		{0FC6734C-D857-4128-8884-AB8E0E6B7BA8}.Release|ARM.ActiveCfg = Release|Any CPU
		{0FC6734C-D857-4128-8884-AB8E0E6B7BA8}.Release|ARM.Build.0 = Release|Any CPU
		{0FC6734C-D857-4128-8884-AB8E0E6B7BA8}.Release|ARM.Deploy.0 = Release|Any CPU
		{0FC6734C-D857-4128-8884-AB8E0E6B7BA8}.Release|iPhone.ActiveCfg = Release|Any CPU
		{0FC6734C-D857-4128-8884-AB8E0E6B7BA8}.Release|iPhone.Build.0 = Release|Any CPU
		{0FC6734C-D857-4128-8884-AB8E0E6B7BA8}.Release|iPhone.Deploy.0 = Release|Any CPU
		{0FC6734C-D857-4128-8884-AB8E0E6B7BA8}.Release|iPhoneSimulator.ActiveCfg = Release|Any CPU
		{0FC6734C-D857-4128-8884-AB8E0E6B7BA8}.Release|iPhoneSimulator.Build.0 = Release|Any CPU
		{0FC6734C-D857-4128-8884-AB8E0E6B7BA8}.Release|iPhoneSimulator.Deploy.0 = Release|Any CPU
		{0FC6734C-D857-4128-8884-AB8E0E6B7BA8}.Release|x64.ActiveCfg = Release|Any CPU
		{0FC6734C-D857-4128-8884-AB8E0E6B7BA8}.Release|x64.Build.0 = Release|Any CPU
		{0FC6734C-D857-4128-8884-AB8E0E6B7BA8}.Release|x64.Deploy.0 = Release|Any CPU
		{0FC6734C-D857-4128-8884-AB8E0E6B7BA8}.Release|x86.ActiveCfg = Release|Any CPU
		{0FC6734C-D857-4128-8884-AB8E0E6B7BA8}.Release|x86.Build.0 = Release|Any CPU
		{0FC6734C-D857-4128-8884-AB8E0E6B7BA8}.Release|x86.Deploy.0 = Release|Any CPU
		{A1C07C4F-B71A-48EC-B472-ED3167714F4F}.Ad-Hoc|Any CPU.ActiveCfg = Ad-Hoc|iPhone
		{A1C07C4F-B71A-48EC-B472-ED3167714F4F}.Ad-Hoc|ARM.ActiveCfg = Ad-Hoc|iPhone
		{A1C07C4F-B71A-48EC-B472-ED3167714F4F}.Ad-Hoc|iPhone.ActiveCfg = Ad-Hoc|iPhone
		{A1C07C4F-B71A-48EC-B472-ED3167714F4F}.Ad-Hoc|iPhone.Build.0 = Ad-Hoc|iPhone
		{A1C07C4F-B71A-48EC-B472-ED3167714F4F}.Ad-Hoc|iPhoneSimulator.ActiveCfg = Ad-Hoc|iPhoneSimulator
		{A1C07C4F-B71A-48EC-B472-ED3167714F4F}.Ad-Hoc|iPhoneSimulator.Build.0 = Ad-Hoc|iPhoneSimulator
		{A1C07C4F-B71A-48EC-B472-ED3167714F4F}.Ad-Hoc|x64.ActiveCfg = Ad-Hoc|iPhone
		{A1C07C4F-B71A-48EC-B472-ED3167714F4F}.Ad-Hoc|x86.ActiveCfg = Ad-Hoc|iPhone
		{A1C07C4F-B71A-48EC-B472-ED3167714F4F}.AppStore|Any CPU.ActiveCfg = AppStore|iPhone
		{A1C07C4F-B71A-48EC-B472-ED3167714F4F}.AppStore|ARM.ActiveCfg = AppStore|iPhone
		{A1C07C4F-B71A-48EC-B472-ED3167714F4F}.AppStore|iPhone.ActiveCfg = AppStore|iPhone
		{A1C07C4F-B71A-48EC-B472-ED3167714F4F}.AppStore|iPhone.Build.0 = AppStore|iPhone
		{A1C07C4F-B71A-48EC-B472-ED3167714F4F}.AppStore|iPhoneSimulator.ActiveCfg = AppStore|iPhoneSimulator
		{A1C07C4F-B71A-48EC-B472-ED3167714F4F}.AppStore|iPhoneSimulator.Build.0 = AppStore|iPhoneSimulator
		{A1C07C4F-B71A-48EC-B472-ED3167714F4F}.AppStore|x64.ActiveCfg = AppStore|iPhone
		{A1C07C4F-B71A-48EC-B472-ED3167714F4F}.AppStore|x86.ActiveCfg = AppStore|iPhone
		{A1C07C4F-B71A-48EC-B472-ED3167714F4F}.Debug|Any CPU.ActiveCfg = Debug|iPhone
		{A1C07C4F-B71A-48EC-B472-ED3167714F4F}.Debug|ARM.ActiveCfg = Debug|iPhone
		{A1C07C4F-B71A-48EC-B472-ED3167714F4F}.Debug|iPhone.ActiveCfg = Debug|iPhone
		{A1C07C4F-B71A-48EC-B472-ED3167714F4F}.Debug|iPhone.Build.0 = Debug|iPhone
		{A1C07C4F-B71A-48EC-B472-ED3167714F4F}.Debug|iPhoneSimulator.ActiveCfg = Debug|iPhoneSimulator
		{A1C07C4F-B71A-48EC-B472-ED3167714F4F}.Debug|iPhoneSimulator.Build.0 = Debug|iPhoneSimulator
		{A1C07C4F-B71A-48EC-B472-ED3167714F4F}.Debug|x64.ActiveCfg = Debug|iPhone
		{A1C07C4F-B71A-48EC-B472-ED3167714F4F}.Debug|x86.ActiveCfg = Debug|iPhone
		{A1C07C4F-B71A-48EC-B472-ED3167714F4F}.Release|Any CPU.ActiveCfg = Release|iPhone
		{A1C07C4F-B71A-48EC-B472-ED3167714F4F}.Release|ARM.ActiveCfg = Release|iPhone
		{A1C07C4F-B71A-48EC-B472-ED3167714F4F}.Release|iPhone.ActiveCfg = Release|iPhone
		{A1C07C4F-B71A-48EC-B472-ED3167714F4F}.Release|iPhone.Build.0 = Release|iPhone
		{A1C07C4F-B71A-48EC-B472-ED3167714F4F}.Release|iPhoneSimulator.ActiveCfg = Release|iPhoneSimulator
		{A1C07C4F-B71A-48EC-B472-ED3167714F4F}.Release|iPhoneSimulator.Build.0 = Release|iPhoneSimulator
		{A1C07C4F-B71A-48EC-B472-ED3167714F4F}.Release|x64.ActiveCfg = Release|iPhone
		{A1C07C4F-B71A-48EC-B472-ED3167714F4F}.Release|x86.ActiveCfg = Release|iPhone
		{4C050D25-9384-421D-9A7E-C5195E2B98DA}.Ad-Hoc|Any CPU.ActiveCfg = Release|Any CPU
		{4C050D25-9384-421D-9A7E-C5195E2B98DA}.Ad-Hoc|Any CPU.Build.0 = Release|Any CPU
		{4C050D25-9384-421D-9A7E-C5195E2B98DA}.Ad-Hoc|Any CPU.Deploy.0 = Release|Any CPU
		{4C050D25-9384-421D-9A7E-C5195E2B98DA}.Ad-Hoc|ARM.ActiveCfg = Release|ARM
		{4C050D25-9384-421D-9A7E-C5195E2B98DA}.Ad-Hoc|ARM.Build.0 = Release|ARM
		{4C050D25-9384-421D-9A7E-C5195E2B98DA}.Ad-Hoc|ARM.Deploy.0 = Release|ARM
		{4C050D25-9384-421D-9A7E-C5195E2B98DA}.Ad-Hoc|iPhone.ActiveCfg = Release|Any CPU
		{4C050D25-9384-421D-9A7E-C5195E2B98DA}.Ad-Hoc|iPhone.Build.0 = Release|Any CPU
		{4C050D25-9384-421D-9A7E-C5195E2B98DA}.Ad-Hoc|iPhone.Deploy.0 = Release|Any CPU
		{4C050D25-9384-421D-9A7E-C5195E2B98DA}.Ad-Hoc|iPhoneSimulator.ActiveCfg = Release|Any CPU
		{4C050D25-9384-421D-9A7E-C5195E2B98DA}.Ad-Hoc|iPhoneSimulator.Build.0 = Release|Any CPU
		{4C050D25-9384-421D-9A7E-C5195E2B98DA}.Ad-Hoc|iPhoneSimulator.Deploy.0 = Release|Any CPU
		{4C050D25-9384-421D-9A7E-C5195E2B98DA}.Ad-Hoc|x64.ActiveCfg = Release|Any CPU
		{4C050D25-9384-421D-9A7E-C5195E2B98DA}.Ad-Hoc|x64.Build.0 = Release|Any CPU
		{4C050D25-9384-421D-9A7E-C5195E2B98DA}.Ad-Hoc|x64.Deploy.0 = Release|Any CPU
		{4C050D25-9384-421D-9A7E-C5195E2B98DA}.Ad-Hoc|x86.ActiveCfg = Release|x86
		{4C050D25-9384-421D-9A7E-C5195E2B98DA}.Ad-Hoc|x86.Build.0 = Release|x86
		{4C050D25-9384-421D-9A7E-C5195E2B98DA}.Ad-Hoc|x86.Deploy.0 = Release|x86
		{4C050D25-9384-421D-9A7E-C5195E2B98DA}.AppStore|Any CPU.ActiveCfg = Release|Any CPU
		{4C050D25-9384-421D-9A7E-C5195E2B98DA}.AppStore|Any CPU.Build.0 = Release|Any CPU
		{4C050D25-9384-421D-9A7E-C5195E2B98DA}.AppStore|Any CPU.Deploy.0 = Release|Any CPU
		{4C050D25-9384-421D-9A7E-C5195E2B98DA}.AppStore|ARM.ActiveCfg = Release|ARM
		{4C050D25-9384-421D-9A7E-C5195E2B98DA}.AppStore|ARM.Build.0 = Release|ARM
		{4C050D25-9384-421D-9A7E-C5195E2B98DA}.AppStore|ARM.Deploy.0 = Release|ARM
		{4C050D25-9384-421D-9A7E-C5195E2B98DA}.AppStore|iPhone.ActiveCfg = Release|Any CPU
		{4C050D25-9384-421D-9A7E-C5195E2B98DA}.AppStore|iPhone.Build.0 = Release|Any CPU
		{4C050D25-9384-421D-9A7E-C5195E2B98DA}.AppStore|iPhone.Deploy.0 = Release|Any CPU
		{4C050D25-9384-421D-9A7E-C5195E2B98DA}.AppStore|iPhoneSimulator.ActiveCfg = Release|Any CPU
		{4C050D25-9384-421D-9A7E-C5195E2B98DA}.AppStore|iPhoneSimulator.Build.0 = Release|Any CPU
		{4C050D25-9384-421D-9A7E-C5195E2B98DA}.AppStore|iPhoneSimulator.Deploy.0 = Release|Any CPU
		{4C050D25-9384-421D-9A7E-C5195E2B98DA}.AppStore|x64.ActiveCfg = Release|Any CPU
		{4C050D25-9384-421D-9A7E-C5195E2B98DA}.AppStore|x64.Build.0 = Release|Any CPU
		{4C050D25-9384-421D-9A7E-C5195E2B98DA}.AppStore|x64.Deploy.0 = Release|Any CPU
		{4C050D25-9384-421D-9A7E-C5195E2B98DA}.AppStore|x86.ActiveCfg = Release|x86
		{4C050D25-9384-421D-9A7E-C5195E2B98DA}.AppStore|x86.Build.0 = Release|x86
		{4C050D25-9384-421D-9A7E-C5195E2B98DA}.AppStore|x86.Deploy.0 = Release|x86
		{4C050D25-9384-421D-9A7E-C5195E2B98DA}.Debug|Any CPU.ActiveCfg = Debug|Any CPU
		{4C050D25-9384-421D-9A7E-C5195E2B98DA}.Debug|Any CPU.Build.0 = Debug|Any CPU
		{4C050D25-9384-421D-9A7E-C5195E2B98DA}.Debug|Any CPU.Deploy.0 = Debug|Any CPU
		{4C050D25-9384-421D-9A7E-C5195E2B98DA}.Debug|ARM.ActiveCfg = Debug|ARM
		{4C050D25-9384-421D-9A7E-C5195E2B98DA}.Debug|ARM.Build.0 = Debug|ARM
		{4C050D25-9384-421D-9A7E-C5195E2B98DA}.Debug|ARM.Deploy.0 = Debug|ARM
		{4C050D25-9384-421D-9A7E-C5195E2B98DA}.Debug|iPhone.ActiveCfg = Debug|Any CPU
		{4C050D25-9384-421D-9A7E-C5195E2B98DA}.Debug|iPhone.Build.0 = Debug|Any CPU
		{4C050D25-9384-421D-9A7E-C5195E2B98DA}.Debug|iPhone.Deploy.0 = Debug|Any CPU
		{4C050D25-9384-421D-9A7E-C5195E2B98DA}.Debug|iPhoneSimulator.ActiveCfg = Debug|Any CPU
		{4C050D25-9384-421D-9A7E-C5195E2B98DA}.Debug|iPhoneSimulator.Build.0 = Debug|Any CPU
		{4C050D25-9384-421D-9A7E-C5195E2B98DA}.Debug|iPhoneSimulator.Deploy.0 = Debug|Any CPU
		{4C050D25-9384-421D-9A7E-C5195E2B98DA}.Debug|x64.ActiveCfg = Debug|Any CPU
		{4C050D25-9384-421D-9A7E-C5195E2B98DA}.Debug|x64.Build.0 = Debug|Any CPU
		{4C050D25-9384-421D-9A7E-C5195E2B98DA}.Debug|x64.Deploy.0 = Debug|Any CPU
		{4C050D25-9384-421D-9A7E-C5195E2B98DA}.Debug|x86.ActiveCfg = Debug|x86
		{4C050D25-9384-421D-9A7E-C5195E2B98DA}.Debug|x86.Build.0 = Debug|x86
		{4C050D25-9384-421D-9A7E-C5195E2B98DA}.Debug|x86.Deploy.0 = Debug|x86
		{4C050D25-9384-421D-9A7E-C5195E2B98DA}.Release|Any CPU.ActiveCfg = Release|Any CPU
		{4C050D25-9384-421D-9A7E-C5195E2B98DA}.Release|Any CPU.Build.0 = Release|Any CPU
		{4C050D25-9384-421D-9A7E-C5195E2B98DA}.Release|Any CPU.Deploy.0 = Release|Any CPU
		{4C050D25-9384-421D-9A7E-C5195E2B98DA}.Release|ARM.ActiveCfg = Release|ARM
		{4C050D25-9384-421D-9A7E-C5195E2B98DA}.Release|ARM.Build.0 = Release|ARM
		{4C050D25-9384-421D-9A7E-C5195E2B98DA}.Release|ARM.Deploy.0 = Release|ARM
		{4C050D25-9384-421D-9A7E-C5195E2B98DA}.Release|iPhone.ActiveCfg = Release|Any CPU
		{4C050D25-9384-421D-9A7E-C5195E2B98DA}.Release|iPhone.Build.0 = Release|Any CPU
		{4C050D25-9384-421D-9A7E-C5195E2B98DA}.Release|iPhone.Deploy.0 = Release|Any CPU
		{4C050D25-9384-421D-9A7E-C5195E2B98DA}.Release|iPhoneSimulator.ActiveCfg = Release|Any CPU
		{4C050D25-9384-421D-9A7E-C5195E2B98DA}.Release|iPhoneSimulator.Build.0 = Release|Any CPU
		{4C050D25-9384-421D-9A7E-C5195E2B98DA}.Release|iPhoneSimulator.Deploy.0 = Release|Any CPU
		{4C050D25-9384-421D-9A7E-C5195E2B98DA}.Release|x64.ActiveCfg = Release|Any CPU
		{4C050D25-9384-421D-9A7E-C5195E2B98DA}.Release|x64.Build.0 = Release|Any CPU
		{4C050D25-9384-421D-9A7E-C5195E2B98DA}.Release|x64.Deploy.0 = Release|Any CPU
		{4C050D25-9384-421D-9A7E-C5195E2B98DA}.Release|x86.ActiveCfg = Release|x86
		{4C050D25-9384-421D-9A7E-C5195E2B98DA}.Release|x86.Build.0 = Release|x86
		{4C050D25-9384-421D-9A7E-C5195E2B98DA}.Release|x86.Deploy.0 = Release|x86
		{A30E5588-BD45-4989-B635-9F4EEBCA42B5}.Ad-Hoc|Any CPU.ActiveCfg = Release|x86
		{A30E5588-BD45-4989-B635-9F4EEBCA42B5}.Ad-Hoc|Any CPU.Build.0 = Release|x86
		{A30E5588-BD45-4989-B635-9F4EEBCA42B5}.Ad-Hoc|Any CPU.Deploy.0 = Release|x86
		{A30E5588-BD45-4989-B635-9F4EEBCA42B5}.Ad-Hoc|ARM.ActiveCfg = Release|ARM
		{A30E5588-BD45-4989-B635-9F4EEBCA42B5}.Ad-Hoc|ARM.Build.0 = Release|ARM
		{A30E5588-BD45-4989-B635-9F4EEBCA42B5}.Ad-Hoc|ARM.Deploy.0 = Release|ARM
		{A30E5588-BD45-4989-B635-9F4EEBCA42B5}.Ad-Hoc|iPhone.ActiveCfg = Release|x86
		{A30E5588-BD45-4989-B635-9F4EEBCA42B5}.Ad-Hoc|iPhone.Build.0 = Release|x86
		{A30E5588-BD45-4989-B635-9F4EEBCA42B5}.Ad-Hoc|iPhone.Deploy.0 = Release|x86
		{A30E5588-BD45-4989-B635-9F4EEBCA42B5}.Ad-Hoc|iPhoneSimulator.ActiveCfg = Release|x86
		{A30E5588-BD45-4989-B635-9F4EEBCA42B5}.Ad-Hoc|iPhoneSimulator.Build.0 = Release|x86
		{A30E5588-BD45-4989-B635-9F4EEBCA42B5}.Ad-Hoc|iPhoneSimulator.Deploy.0 = Release|x86
		{A30E5588-BD45-4989-B635-9F4EEBCA42B5}.Ad-Hoc|x64.ActiveCfg = Release|x64
		{A30E5588-BD45-4989-B635-9F4EEBCA42B5}.Ad-Hoc|x64.Build.0 = Release|x64
		{A30E5588-BD45-4989-B635-9F4EEBCA42B5}.Ad-Hoc|x64.Deploy.0 = Release|x64
		{A30E5588-BD45-4989-B635-9F4EEBCA42B5}.Ad-Hoc|x86.ActiveCfg = Release|x86
		{A30E5588-BD45-4989-B635-9F4EEBCA42B5}.Ad-Hoc|x86.Build.0 = Release|x86
		{A30E5588-BD45-4989-B635-9F4EEBCA42B5}.Ad-Hoc|x86.Deploy.0 = Release|x86
		{A30E5588-BD45-4989-B635-9F4EEBCA42B5}.AppStore|Any CPU.ActiveCfg = Release|x86
		{A30E5588-BD45-4989-B635-9F4EEBCA42B5}.AppStore|Any CPU.Build.0 = Release|x86
		{A30E5588-BD45-4989-B635-9F4EEBCA42B5}.AppStore|Any CPU.Deploy.0 = Release|x86
		{A30E5588-BD45-4989-B635-9F4EEBCA42B5}.AppStore|ARM.ActiveCfg = Release|ARM
		{A30E5588-BD45-4989-B635-9F4EEBCA42B5}.AppStore|ARM.Build.0 = Release|ARM
		{A30E5588-BD45-4989-B635-9F4EEBCA42B5}.AppStore|ARM.Deploy.0 = Release|ARM
		{A30E5588-BD45-4989-B635-9F4EEBCA42B5}.AppStore|iPhone.ActiveCfg = Release|x86
		{A30E5588-BD45-4989-B635-9F4EEBCA42B5}.AppStore|iPhone.Build.0 = Release|x86
		{A30E5588-BD45-4989-B635-9F4EEBCA42B5}.AppStore|iPhone.Deploy.0 = Release|x86
		{A30E5588-BD45-4989-B635-9F4EEBCA42B5}.AppStore|iPhoneSimulator.ActiveCfg = Release|x86
		{A30E5588-BD45-4989-B635-9F4EEBCA42B5}.AppStore|iPhoneSimulator.Build.0 = Release|x86
		{A30E5588-BD45-4989-B635-9F4EEBCA42B5}.AppStore|iPhoneSimulator.Deploy.0 = Release|x86
		{A30E5588-BD45-4989-B635-9F4EEBCA42B5}.AppStore|x64.ActiveCfg = Release|x64
		{A30E5588-BD45-4989-B635-9F4EEBCA42B5}.AppStore|x64.Build.0 = Release|x64
		{A30E5588-BD45-4989-B635-9F4EEBCA42B5}.AppStore|x64.Deploy.0 = Release|x64
		{A30E5588-BD45-4989-B635-9F4EEBCA42B5}.AppStore|x86.ActiveCfg = Release|x86
		{A30E5588-BD45-4989-B635-9F4EEBCA42B5}.AppStore|x86.Build.0 = Release|x86
		{A30E5588-BD45-4989-B635-9F4EEBCA42B5}.AppStore|x86.Deploy.0 = Release|x86
		{A30E5588-BD45-4989-B635-9F4EEBCA42B5}.Debug|Any CPU.ActiveCfg = Debug|x86
		{A30E5588-BD45-4989-B635-9F4EEBCA42B5}.Debug|ARM.ActiveCfg = Debug|ARM
		{A30E5588-BD45-4989-B635-9F4EEBCA42B5}.Debug|ARM.Build.0 = Debug|ARM
		{A30E5588-BD45-4989-B635-9F4EEBCA42B5}.Debug|ARM.Deploy.0 = Debug|ARM
		{A30E5588-BD45-4989-B635-9F4EEBCA42B5}.Debug|iPhone.ActiveCfg = Debug|x86
		{A30E5588-BD45-4989-B635-9F4EEBCA42B5}.Debug|iPhoneSimulator.ActiveCfg = Debug|x86
		{A30E5588-BD45-4989-B635-9F4EEBCA42B5}.Debug|x64.ActiveCfg = Debug|x64
		{A30E5588-BD45-4989-B635-9F4EEBCA42B5}.Debug|x64.Build.0 = Debug|x64
		{A30E5588-BD45-4989-B635-9F4EEBCA42B5}.Debug|x64.Deploy.0 = Debug|x64
		{A30E5588-BD45-4989-B635-9F4EEBCA42B5}.Debug|x86.ActiveCfg = Debug|x86
		{A30E5588-BD45-4989-B635-9F4EEBCA42B5}.Debug|x86.Build.0 = Debug|x86
		{A30E5588-BD45-4989-B635-9F4EEBCA42B5}.Debug|x86.Deploy.0 = Debug|x86
		{A30E5588-BD45-4989-B635-9F4EEBCA42B5}.Release|Any CPU.ActiveCfg = Release|x86
		{A30E5588-BD45-4989-B635-9F4EEBCA42B5}.Release|ARM.ActiveCfg = Release|ARM
		{A30E5588-BD45-4989-B635-9F4EEBCA42B5}.Release|ARM.Build.0 = Release|ARM
		{A30E5588-BD45-4989-B635-9F4EEBCA42B5}.Release|ARM.Deploy.0 = Release|ARM
		{A30E5588-BD45-4989-B635-9F4EEBCA42B5}.Release|iPhone.ActiveCfg = Release|x86
		{A30E5588-BD45-4989-B635-9F4EEBCA42B5}.Release|iPhoneSimulator.ActiveCfg = Release|x86
		{A30E5588-BD45-4989-B635-9F4EEBCA42B5}.Release|x64.ActiveCfg = Release|x64
		{A30E5588-BD45-4989-B635-9F4EEBCA42B5}.Release|x64.Build.0 = Release|x64
		{A30E5588-BD45-4989-B635-9F4EEBCA42B5}.Release|x64.Deploy.0 = Release|x64
		{A30E5588-BD45-4989-B635-9F4EEBCA42B5}.Release|x86.ActiveCfg = Release|x86
		{A30E5588-BD45-4989-B635-9F4EEBCA42B5}.Release|x86.Build.0 = Release|x86
		{A30E5588-BD45-4989-B635-9F4EEBCA42B5}.Release|x86.Deploy.0 = Release|x86
		{1965448C-AC0E-4684-A342-24A64BC78403}.Ad-Hoc|Any CPU.ActiveCfg = Release|Any CPU
		{1965448C-AC0E-4684-A342-24A64BC78403}.Ad-Hoc|Any CPU.Build.0 = Release|Any CPU
		{1965448C-AC0E-4684-A342-24A64BC78403}.Ad-Hoc|Any CPU.Deploy.0 = Release|Any CPU
		{1965448C-AC0E-4684-A342-24A64BC78403}.Ad-Hoc|ARM.ActiveCfg = Release|ARM
		{1965448C-AC0E-4684-A342-24A64BC78403}.Ad-Hoc|ARM.Build.0 = Release|ARM
		{1965448C-AC0E-4684-A342-24A64BC78403}.Ad-Hoc|ARM.Deploy.0 = Release|ARM
		{1965448C-AC0E-4684-A342-24A64BC78403}.Ad-Hoc|iPhone.ActiveCfg = Release|Any CPU
		{1965448C-AC0E-4684-A342-24A64BC78403}.Ad-Hoc|iPhone.Build.0 = Release|Any CPU
		{1965448C-AC0E-4684-A342-24A64BC78403}.Ad-Hoc|iPhone.Deploy.0 = Release|Any CPU
		{1965448C-AC0E-4684-A342-24A64BC78403}.Ad-Hoc|iPhoneSimulator.ActiveCfg = Release|Any CPU
		{1965448C-AC0E-4684-A342-24A64BC78403}.Ad-Hoc|iPhoneSimulator.Build.0 = Release|Any CPU
		{1965448C-AC0E-4684-A342-24A64BC78403}.Ad-Hoc|iPhoneSimulator.Deploy.0 = Release|Any CPU
		{1965448C-AC0E-4684-A342-24A64BC78403}.Ad-Hoc|x64.ActiveCfg = Release|x64
		{1965448C-AC0E-4684-A342-24A64BC78403}.Ad-Hoc|x64.Build.0 = Release|x64
		{1965448C-AC0E-4684-A342-24A64BC78403}.Ad-Hoc|x64.Deploy.0 = Release|x64
		{1965448C-AC0E-4684-A342-24A64BC78403}.Ad-Hoc|x86.ActiveCfg = Release|x86
		{1965448C-AC0E-4684-A342-24A64BC78403}.Ad-Hoc|x86.Build.0 = Release|x86
		{1965448C-AC0E-4684-A342-24A64BC78403}.Ad-Hoc|x86.Deploy.0 = Release|x86
		{1965448C-AC0E-4684-A342-24A64BC78403}.AppStore|Any CPU.ActiveCfg = Release|Any CPU
		{1965448C-AC0E-4684-A342-24A64BC78403}.AppStore|Any CPU.Build.0 = Release|Any CPU
		{1965448C-AC0E-4684-A342-24A64BC78403}.AppStore|Any CPU.Deploy.0 = Release|Any CPU
		{1965448C-AC0E-4684-A342-24A64BC78403}.AppStore|ARM.ActiveCfg = Release|ARM
		{1965448C-AC0E-4684-A342-24A64BC78403}.AppStore|ARM.Build.0 = Release|ARM
		{1965448C-AC0E-4684-A342-24A64BC78403}.AppStore|ARM.Deploy.0 = Release|ARM
		{1965448C-AC0E-4684-A342-24A64BC78403}.AppStore|iPhone.ActiveCfg = Release|Any CPU
		{1965448C-AC0E-4684-A342-24A64BC78403}.AppStore|iPhone.Build.0 = Release|Any CPU
		{1965448C-AC0E-4684-A342-24A64BC78403}.AppStore|iPhone.Deploy.0 = Release|Any CPU
		{1965448C-AC0E-4684-A342-24A64BC78403}.AppStore|iPhoneSimulator.ActiveCfg = Release|Any CPU
		{1965448C-AC0E-4684-A342-24A64BC78403}.AppStore|iPhoneSimulator.Build.0 = Release|Any CPU
		{1965448C-AC0E-4684-A342-24A64BC78403}.AppStore|iPhoneSimulator.Deploy.0 = Release|Any CPU
		{1965448C-AC0E-4684-A342-24A64BC78403}.AppStore|x64.ActiveCfg = Release|x64
		{1965448C-AC0E-4684-A342-24A64BC78403}.AppStore|x64.Build.0 = Release|x64
		{1965448C-AC0E-4684-A342-24A64BC78403}.AppStore|x64.Deploy.0 = Release|x64
		{1965448C-AC0E-4684-A342-24A64BC78403}.AppStore|x86.ActiveCfg = Release|x86
		{1965448C-AC0E-4684-A342-24A64BC78403}.AppStore|x86.Build.0 = Release|x86
		{1965448C-AC0E-4684-A342-24A64BC78403}.AppStore|x86.Deploy.0 = Release|x86
		{1965448C-AC0E-4684-A342-24A64BC78403}.Debug|Any CPU.ActiveCfg = Debug|Any CPU
		{1965448C-AC0E-4684-A342-24A64BC78403}.Debug|Any CPU.Build.0 = Debug|Any CPU
		{1965448C-AC0E-4684-A342-24A64BC78403}.Debug|Any CPU.Deploy.0 = Debug|Any CPU
		{1965448C-AC0E-4684-A342-24A64BC78403}.Debug|ARM.ActiveCfg = Debug|ARM
		{1965448C-AC0E-4684-A342-24A64BC78403}.Debug|ARM.Build.0 = Debug|ARM
		{1965448C-AC0E-4684-A342-24A64BC78403}.Debug|ARM.Deploy.0 = Debug|ARM
		{1965448C-AC0E-4684-A342-24A64BC78403}.Debug|iPhone.ActiveCfg = Debug|Any CPU
		{1965448C-AC0E-4684-A342-24A64BC78403}.Debug|iPhone.Build.0 = Debug|Any CPU
		{1965448C-AC0E-4684-A342-24A64BC78403}.Debug|iPhone.Deploy.0 = Debug|Any CPU
		{1965448C-AC0E-4684-A342-24A64BC78403}.Debug|iPhoneSimulator.ActiveCfg = Debug|Any CPU
		{1965448C-AC0E-4684-A342-24A64BC78403}.Debug|iPhoneSimulator.Build.0 = Debug|Any CPU
		{1965448C-AC0E-4684-A342-24A64BC78403}.Debug|iPhoneSimulator.Deploy.0 = Debug|Any CPU
		{1965448C-AC0E-4684-A342-24A64BC78403}.Debug|x64.ActiveCfg = Debug|x64
		{1965448C-AC0E-4684-A342-24A64BC78403}.Debug|x64.Build.0 = Debug|x64
		{1965448C-AC0E-4684-A342-24A64BC78403}.Debug|x64.Deploy.0 = Debug|x64
		{1965448C-AC0E-4684-A342-24A64BC78403}.Debug|x86.ActiveCfg = Debug|x86
		{1965448C-AC0E-4684-A342-24A64BC78403}.Debug|x86.Build.0 = Debug|x86
		{1965448C-AC0E-4684-A342-24A64BC78403}.Debug|x86.Deploy.0 = Debug|x86
		{1965448C-AC0E-4684-A342-24A64BC78403}.Release|Any CPU.ActiveCfg = Release|Any CPU
		{1965448C-AC0E-4684-A342-24A64BC78403}.Release|Any CPU.Build.0 = Release|Any CPU
		{1965448C-AC0E-4684-A342-24A64BC78403}.Release|Any CPU.Deploy.0 = Release|Any CPU
		{1965448C-AC0E-4684-A342-24A64BC78403}.Release|ARM.ActiveCfg = Release|ARM
		{1965448C-AC0E-4684-A342-24A64BC78403}.Release|ARM.Build.0 = Release|ARM
		{1965448C-AC0E-4684-A342-24A64BC78403}.Release|ARM.Deploy.0 = Release|ARM
		{1965448C-AC0E-4684-A342-24A64BC78403}.Release|iPhone.ActiveCfg = Release|Any CPU
		{1965448C-AC0E-4684-A342-24A64BC78403}.Release|iPhone.Build.0 = Release|Any CPU
		{1965448C-AC0E-4684-A342-24A64BC78403}.Release|iPhone.Deploy.0 = Release|Any CPU
		{1965448C-AC0E-4684-A342-24A64BC78403}.Release|iPhoneSimulator.ActiveCfg = Release|Any CPU
		{1965448C-AC0E-4684-A342-24A64BC78403}.Release|iPhoneSimulator.Build.0 = Release|Any CPU
		{1965448C-AC0E-4684-A342-24A64BC78403}.Release|iPhoneSimulator.Deploy.0 = Release|Any CPU
		{1965448C-AC0E-4684-A342-24A64BC78403}.Release|x64.ActiveCfg = Release|x64
		{1965448C-AC0E-4684-A342-24A64BC78403}.Release|x64.Build.0 = Release|x64
		{1965448C-AC0E-4684-A342-24A64BC78403}.Release|x64.Deploy.0 = Release|x64
		{1965448C-AC0E-4684-A342-24A64BC78403}.Release|x86.ActiveCfg = Release|x86
		{1965448C-AC0E-4684-A342-24A64BC78403}.Release|x86.Build.0 = Release|x86
		{1965448C-AC0E-4684-A342-24A64BC78403}.Release|x86.Deploy.0 = Release|x86
		{C870B66C-0564-4B74-84FC-8BCBE25E496F}.Ad-Hoc|Any CPU.ActiveCfg = Release|Any CPU
		{C870B66C-0564-4B74-84FC-8BCBE25E496F}.Ad-Hoc|Any CPU.Build.0 = Release|Any CPU
		{C870B66C-0564-4B74-84FC-8BCBE25E496F}.Ad-Hoc|ARM.ActiveCfg = Release|Any CPU
		{C870B66C-0564-4B74-84FC-8BCBE25E496F}.Ad-Hoc|ARM.Build.0 = Release|Any CPU
		{C870B66C-0564-4B74-84FC-8BCBE25E496F}.Ad-Hoc|iPhone.ActiveCfg = Release|Any CPU
		{C870B66C-0564-4B74-84FC-8BCBE25E496F}.Ad-Hoc|iPhone.Build.0 = Release|Any CPU
		{C870B66C-0564-4B74-84FC-8BCBE25E496F}.Ad-Hoc|iPhoneSimulator.ActiveCfg = Release|Any CPU
		{C870B66C-0564-4B74-84FC-8BCBE25E496F}.Ad-Hoc|iPhoneSimulator.Build.0 = Release|Any CPU
		{C870B66C-0564-4B74-84FC-8BCBE25E496F}.Ad-Hoc|x64.ActiveCfg = Release|Any CPU
		{C870B66C-0564-4B74-84FC-8BCBE25E496F}.Ad-Hoc|x64.Build.0 = Release|Any CPU
		{C870B66C-0564-4B74-84FC-8BCBE25E496F}.Ad-Hoc|x86.ActiveCfg = Release|Any CPU
		{C870B66C-0564-4B74-84FC-8BCBE25E496F}.Ad-Hoc|x86.Build.0 = Release|Any CPU
		{C870B66C-0564-4B74-84FC-8BCBE25E496F}.AppStore|Any CPU.ActiveCfg = Release|Any CPU
		{C870B66C-0564-4B74-84FC-8BCBE25E496F}.AppStore|Any CPU.Build.0 = Release|Any CPU
		{C870B66C-0564-4B74-84FC-8BCBE25E496F}.AppStore|ARM.ActiveCfg = Release|Any CPU
		{C870B66C-0564-4B74-84FC-8BCBE25E496F}.AppStore|ARM.Build.0 = Release|Any CPU
		{C870B66C-0564-4B74-84FC-8BCBE25E496F}.AppStore|iPhone.ActiveCfg = Release|Any CPU
		{C870B66C-0564-4B74-84FC-8BCBE25E496F}.AppStore|iPhone.Build.0 = Release|Any CPU
		{C870B66C-0564-4B74-84FC-8BCBE25E496F}.AppStore|iPhoneSimulator.ActiveCfg = Release|Any CPU
		{C870B66C-0564-4B74-84FC-8BCBE25E496F}.AppStore|iPhoneSimulator.Build.0 = Release|Any CPU
		{C870B66C-0564-4B74-84FC-8BCBE25E496F}.AppStore|x64.ActiveCfg = Release|Any CPU
		{C870B66C-0564-4B74-84FC-8BCBE25E496F}.AppStore|x64.Build.0 = Release|Any CPU
		{C870B66C-0564-4B74-84FC-8BCBE25E496F}.AppStore|x86.ActiveCfg = Release|Any CPU
		{C870B66C-0564-4B74-84FC-8BCBE25E496F}.AppStore|x86.Build.0 = Release|Any CPU
		{C870B66C-0564-4B74-84FC-8BCBE25E496F}.Debug|Any CPU.ActiveCfg = Debug|Any CPU
		{C870B66C-0564-4B74-84FC-8BCBE25E496F}.Debug|Any CPU.Build.0 = Debug|Any CPU
		{C870B66C-0564-4B74-84FC-8BCBE25E496F}.Debug|ARM.ActiveCfg = Debug|Any CPU
		{C870B66C-0564-4B74-84FC-8BCBE25E496F}.Debug|ARM.Build.0 = Debug|Any CPU
		{C870B66C-0564-4B74-84FC-8BCBE25E496F}.Debug|iPhone.ActiveCfg = Debug|Any CPU
		{C870B66C-0564-4B74-84FC-8BCBE25E496F}.Debug|iPhone.Build.0 = Debug|Any CPU
		{C870B66C-0564-4B74-84FC-8BCBE25E496F}.Debug|iPhoneSimulator.ActiveCfg = Debug|Any CPU
		{C870B66C-0564-4B74-84FC-8BCBE25E496F}.Debug|iPhoneSimulator.Build.0 = Debug|Any CPU
		{C870B66C-0564-4B74-84FC-8BCBE25E496F}.Debug|x64.ActiveCfg = Debug|Any CPU
		{C870B66C-0564-4B74-84FC-8BCBE25E496F}.Debug|x64.Build.0 = Debug|Any CPU
		{C870B66C-0564-4B74-84FC-8BCBE25E496F}.Debug|x86.ActiveCfg = Debug|Any CPU
		{C870B66C-0564-4B74-84FC-8BCBE25E496F}.Debug|x86.Build.0 = Debug|Any CPU
		{C870B66C-0564-4B74-84FC-8BCBE25E496F}.Release|Any CPU.ActiveCfg = Release|Any CPU
		{C870B66C-0564-4B74-84FC-8BCBE25E496F}.Release|Any CPU.Build.0 = Release|Any CPU
		{C870B66C-0564-4B74-84FC-8BCBE25E496F}.Release|ARM.ActiveCfg = Release|Any CPU
		{C870B66C-0564-4B74-84FC-8BCBE25E496F}.Release|ARM.Build.0 = Release|Any CPU
		{C870B66C-0564-4B74-84FC-8BCBE25E496F}.Release|iPhone.ActiveCfg = Release|Any CPU
		{C870B66C-0564-4B74-84FC-8BCBE25E496F}.Release|iPhone.Build.0 = Release|Any CPU
		{C870B66C-0564-4B74-84FC-8BCBE25E496F}.Release|iPhoneSimulator.ActiveCfg = Release|Any CPU
		{C870B66C-0564-4B74-84FC-8BCBE25E496F}.Release|iPhoneSimulator.Build.0 = Release|Any CPU
		{C870B66C-0564-4B74-84FC-8BCBE25E496F}.Release|x64.ActiveCfg = Release|Any CPU
		{C870B66C-0564-4B74-84FC-8BCBE25E496F}.Release|x64.Build.0 = Release|Any CPU
		{C870B66C-0564-4B74-84FC-8BCBE25E496F}.Release|x86.ActiveCfg = Release|Any CPU
		{C870B66C-0564-4B74-84FC-8BCBE25E496F}.Release|x86.Build.0 = Release|Any CPU
		{D40B633D-4C5F-4692-BD2D-0192E3CBA4CD}.Ad-Hoc|Any CPU.ActiveCfg = Release|Any CPU
		{D40B633D-4C5F-4692-BD2D-0192E3CBA4CD}.Ad-Hoc|Any CPU.Build.0 = Release|Any CPU
		{D40B633D-4C5F-4692-BD2D-0192E3CBA4CD}.Ad-Hoc|ARM.ActiveCfg = Release|Any CPU
		{D40B633D-4C5F-4692-BD2D-0192E3CBA4CD}.Ad-Hoc|ARM.Build.0 = Release|Any CPU
		{D40B633D-4C5F-4692-BD2D-0192E3CBA4CD}.Ad-Hoc|iPhone.ActiveCfg = Release|Any CPU
		{D40B633D-4C5F-4692-BD2D-0192E3CBA4CD}.Ad-Hoc|iPhone.Build.0 = Release|Any CPU
		{D40B633D-4C5F-4692-BD2D-0192E3CBA4CD}.Ad-Hoc|iPhoneSimulator.ActiveCfg = Release|Any CPU
		{D40B633D-4C5F-4692-BD2D-0192E3CBA4CD}.Ad-Hoc|iPhoneSimulator.Build.0 = Release|Any CPU
		{D40B633D-4C5F-4692-BD2D-0192E3CBA4CD}.Ad-Hoc|x64.ActiveCfg = Release|Any CPU
		{D40B633D-4C5F-4692-BD2D-0192E3CBA4CD}.Ad-Hoc|x64.Build.0 = Release|Any CPU
		{D40B633D-4C5F-4692-BD2D-0192E3CBA4CD}.Ad-Hoc|x86.ActiveCfg = Release|Any CPU
		{D40B633D-4C5F-4692-BD2D-0192E3CBA4CD}.Ad-Hoc|x86.Build.0 = Release|Any CPU
		{D40B633D-4C5F-4692-BD2D-0192E3CBA4CD}.AppStore|Any CPU.ActiveCfg = Release|Any CPU
		{D40B633D-4C5F-4692-BD2D-0192E3CBA4CD}.AppStore|Any CPU.Build.0 = Release|Any CPU
		{D40B633D-4C5F-4692-BD2D-0192E3CBA4CD}.AppStore|ARM.ActiveCfg = Release|Any CPU
		{D40B633D-4C5F-4692-BD2D-0192E3CBA4CD}.AppStore|ARM.Build.0 = Release|Any CPU
		{D40B633D-4C5F-4692-BD2D-0192E3CBA4CD}.AppStore|iPhone.ActiveCfg = Release|Any CPU
		{D40B633D-4C5F-4692-BD2D-0192E3CBA4CD}.AppStore|iPhone.Build.0 = Release|Any CPU
		{D40B633D-4C5F-4692-BD2D-0192E3CBA4CD}.AppStore|iPhoneSimulator.ActiveCfg = Release|Any CPU
		{D40B633D-4C5F-4692-BD2D-0192E3CBA4CD}.AppStore|iPhoneSimulator.Build.0 = Release|Any CPU
		{D40B633D-4C5F-4692-BD2D-0192E3CBA4CD}.AppStore|x64.ActiveCfg = Release|Any CPU
		{D40B633D-4C5F-4692-BD2D-0192E3CBA4CD}.AppStore|x64.Build.0 = Release|Any CPU
		{D40B633D-4C5F-4692-BD2D-0192E3CBA4CD}.AppStore|x86.ActiveCfg = Release|Any CPU
		{D40B633D-4C5F-4692-BD2D-0192E3CBA4CD}.AppStore|x86.Build.0 = Release|Any CPU
		{D40B633D-4C5F-4692-BD2D-0192E3CBA4CD}.Debug|Any CPU.ActiveCfg = Debug|Any CPU
		{D40B633D-4C5F-4692-BD2D-0192E3CBA4CD}.Debug|Any CPU.Build.0 = Debug|Any CPU
		{D40B633D-4C5F-4692-BD2D-0192E3CBA4CD}.Debug|ARM.ActiveCfg = Debug|Any CPU
		{D40B633D-4C5F-4692-BD2D-0192E3CBA4CD}.Debug|ARM.Build.0 = Debug|Any CPU
		{D40B633D-4C5F-4692-BD2D-0192E3CBA4CD}.Debug|iPhone.ActiveCfg = Debug|Any CPU
		{D40B633D-4C5F-4692-BD2D-0192E3CBA4CD}.Debug|iPhone.Build.0 = Debug|Any CPU
		{D40B633D-4C5F-4692-BD2D-0192E3CBA4CD}.Debug|iPhoneSimulator.ActiveCfg = Debug|Any CPU
		{D40B633D-4C5F-4692-BD2D-0192E3CBA4CD}.Debug|iPhoneSimulator.Build.0 = Debug|Any CPU
		{D40B633D-4C5F-4692-BD2D-0192E3CBA4CD}.Debug|x64.ActiveCfg = Debug|Any CPU
		{D40B633D-4C5F-4692-BD2D-0192E3CBA4CD}.Debug|x64.Build.0 = Debug|Any CPU
		{D40B633D-4C5F-4692-BD2D-0192E3CBA4CD}.Debug|x86.ActiveCfg = Debug|Any CPU
		{D40B633D-4C5F-4692-BD2D-0192E3CBA4CD}.Debug|x86.Build.0 = Debug|Any CPU
		{D40B633D-4C5F-4692-BD2D-0192E3CBA4CD}.Release|Any CPU.ActiveCfg = Release|Any CPU
		{D40B633D-4C5F-4692-BD2D-0192E3CBA4CD}.Release|Any CPU.Build.0 = Release|Any CPU
		{D40B633D-4C5F-4692-BD2D-0192E3CBA4CD}.Release|ARM.ActiveCfg = Release|Any CPU
		{D40B633D-4C5F-4692-BD2D-0192E3CBA4CD}.Release|ARM.Build.0 = Release|Any CPU
		{D40B633D-4C5F-4692-BD2D-0192E3CBA4CD}.Release|iPhone.ActiveCfg = Release|Any CPU
		{D40B633D-4C5F-4692-BD2D-0192E3CBA4CD}.Release|iPhone.Build.0 = Release|Any CPU
		{D40B633D-4C5F-4692-BD2D-0192E3CBA4CD}.Release|iPhoneSimulator.ActiveCfg = Release|Any CPU
		{D40B633D-4C5F-4692-BD2D-0192E3CBA4CD}.Release|iPhoneSimulator.Build.0 = Release|Any CPU
		{D40B633D-4C5F-4692-BD2D-0192E3CBA4CD}.Release|x64.ActiveCfg = Release|Any CPU
		{D40B633D-4C5F-4692-BD2D-0192E3CBA4CD}.Release|x64.Build.0 = Release|Any CPU
		{D40B633D-4C5F-4692-BD2D-0192E3CBA4CD}.Release|x86.ActiveCfg = Release|Any CPU
		{D40B633D-4C5F-4692-BD2D-0192E3CBA4CD}.Release|x86.Build.0 = Release|Any CPU
	EndGlobalSection
	GlobalSection(SolutionProperties) = preSolution
		HideSolutionNode = FALSE
	EndGlobalSection
EndGlobal
